
Microsoft Visual Studio Solution File, Format Version 12.00
# Visual Studio Version 17
VisualStudioVersion = 17.1.31911.260
MinimumVisualStudioVersion = 10.0.40219.1
Project("{9A19103F-16F7-4668-BE54-9A1E7A4F7556}") = "RnGo", "RnGo\RnGo.csproj", "{1F8EBE02-2B40-4D76-B950-B9AC97491D34}"
EndProject
Project("{2150E333-8FDC-42A3-9474-1A3956D46DE8}") = "Lib", "Lib", "{AC4C982A-5FF2-42BA-A737-BC48B4056347}"
EndProject
Project("{9A19103F-16F7-4668-BE54-9A1E7A4F7556}") = "RnGo.Core", "RnGo.Core\RnGo.Core.csproj", "{01092254-1AA5-4C4E-93B2-4A66878F5CA8}"
EndProject
Project("{9A19103F-16F7-4668-BE54-9A1E7A4F7556}") = "DevConsole", "DevConsole\DevConsole.csproj", "{6CC7F42B-44CE-4F24-8B7C-7DF4F9B2C42E}"
EndProject
Project("{2150E333-8FDC-42A3-9474-1A3956D46DE8}") = "Tests", "Tests", "{00A0F198-09A1-4F47-A188-E5DDC6D4AB96}"
EndProject
Project("{9A19103F-16F7-4668-BE54-9A1E7A4F7556}") = "RnGo.Core.T1.Tests", "..\test\RnGo.Core.T1.Tests\RnGo.Core.T1.Tests.csproj", "{A2DA7EEC-2705-44BD-A77B-ADE62FADD391}"
EndProject
Global
	GlobalSection(SolutionConfigurationPlatforms) = preSolution
		Debug|Any CPU = Debug|Any CPU
		Release|Any CPU = Release|Any CPU
	EndGlobalSection
	GlobalSection(ProjectConfigurationPlatforms) = postSolution
		{1F8EBE02-2B40-4D76-B950-B9AC97491D34}.Debug|Any CPU.ActiveCfg = Debug|Any CPU
		{1F8EBE02-2B40-4D76-B950-B9AC97491D34}.Debug|Any CPU.Build.0 = Debug|Any CPU
		{1F8EBE02-2B40-4D76-B950-B9AC97491D34}.Release|Any CPU.ActiveCfg = Release|Any CPU
		{1F8EBE02-2B40-4D76-B950-B9AC97491D34}.Release|Any CPU.Build.0 = Release|Any CPU
		{01092254-1AA5-4C4E-93B2-4A66878F5CA8}.Debug|Any CPU.ActiveCfg = Debug|Any CPU
		{01092254-1AA5-4C4E-93B2-4A66878F5CA8}.Debug|Any CPU.Build.0 = Debug|Any CPU
		{01092254-1AA5-4C4E-93B2-4A66878F5CA8}.Release|Any CPU.ActiveCfg = Release|Any CPU
		{01092254-1AA5-4C4E-93B2-4A66878F5CA8}.Release|Any CPU.Build.0 = Release|Any CPU
		{6CC7F42B-44CE-4F24-8B7C-7DF4F9B2C42E}.Debug|Any CPU.ActiveCfg = Debug|Any CPU
		{6CC7F42B-44CE-4F24-8B7C-7DF4F9B2C42E}.Debug|Any CPU.Build.0 = Debug|Any CPU
		{6CC7F42B-44CE-4F24-8B7C-7DF4F9B2C42E}.Release|Any CPU.ActiveCfg = Release|Any CPU
		{6CC7F42B-44CE-4F24-8B7C-7DF4F9B2C42E}.Release|Any CPU.Build.0 = Release|Any CPU
		{A2DA7EEC-2705-44BD-A77B-ADE62FADD391}.Debug|Any CPU.ActiveCfg = Debug|Any CPU
		{A2DA7EEC-2705-44BD-A77B-ADE62FADD391}.Debug|Any CPU.Build.0 = Debug|Any CPU
		{A2DA7EEC-2705-44BD-A77B-ADE62FADD391}.Release|Any CPU.ActiveCfg = Release|Any CPU
		{A2DA7EEC-2705-44BD-A77B-ADE62FADD391}.Release|Any CPU.Build.0 = Release|Any CPU
	EndGlobalSection
	GlobalSection(SolutionProperties) = preSolution
		HideSolutionNode = FALSE
	EndGlobalSection
	GlobalSection(NestedProjects) = preSolution
		{01092254-1AA5-4C4E-93B2-4A66878F5CA8} = {AC4C982A-5FF2-42BA-A737-BC48B4056347}
		{A2DA7EEC-2705-44BD-A77B-ADE62FADD391} = {00A0F198-09A1-4F47-A188-E5DDC6D4AB96}
	EndGlobalSection
	GlobalSection(ExtensibilityGlobals) = postSolution
		SolutionGuid = {5DAFA654-C531-41CE-B8F8-727D5ADBFCB3}
	EndGlobalSection
EndGlobal
